{
  "name": "@indiefellas/nekocli",
  "version": "0.1.0-b4",
  "lockfileVersion": 3,
  "requires": true,
  "packages": {
    "": {
      "name": "@indiefellas/nekocli",
      "version": "0.1.0-b4",
      "dependencies": {
        "@indiefellas/nekoweb-api": "latest",
        "@types/bun": "latest",
        "@types/yauzl": "^2.10.3",
        "commander": "^13.1.0",
        "is-binary-path": "^3.0.0",
        "launch-editor": "^2.10.0",
        "watcher": "^2.3.1",
        "yauzl": "^3.2.0"
      },
      "bin": {
        "neko": "dist/neko.js"
      },
      "peerDependencies": {
        "typescript": "^5"
      }
    },
    "node_modules/@indiefellas/nekoweb-api": {
      "version": "1.0.0-beta.4",
      "resolved": "https://registry.npmjs.org/@indiefellas/nekoweb-api/-/nekoweb-api-1.0.0-beta.4.tgz",
      "integrity": "sha512-TOmpf6LebAdoSZ34PO/TsYOlTv81hrxESecdpVxlapqxCAcVwzlcTJHVOzjZntUAotoQeHZLv8aUjHzkPLZ33A==",
      "license": "MIT",
      "dependencies": {
        "form-data": "^4.0.2"
      },
      "peerDependencies": {
        "typescript": "^5"
      }
    },
    "node_modules/@types/bun": {
      "version": "1.2.8",
      "resolved": "https://registry.npmjs.org/@types/bun/-/bun-1.2.8.tgz",
      "integrity": "sha512-t8L1RvJVUghW5V+M/fL3Thbxcs0HwNsXsnTEBEfEVqGteiJToOlZ/fyOEaR1kZsNqnu+3XA4RI/qmnX4w6+S+w==",
      "license": "MIT",
      "dependencies": {
        "bun-types": "1.2.7"
      }
    },
    "node_modules/@types/node": {
      "version": "22.14.0",
      "license": "MIT",
      "dependencies": {
        "undici-types": "~6.21.0"
      }
    },
    "node_modules/@types/ws": {
      "version": "8.18.1",
      "license": "MIT",
      "dependencies": {
        "@types/node": "*"
      }
    },
    "node_modules/@types/yauzl": {
      "version": "2.10.3",
      "resolved": "https://registry.npmjs.org/@types/yauzl/-/yauzl-2.10.3.tgz",
      "integrity": "sha512-oJoftv0LSuaDZE3Le4DbKX+KS9G36NzOeSap90UIK0yMA/NhKJhqlSGtNDORNRaIbQfzjXDrQa0ytJ6mNRGz/Q==",
      "license": "MIT",
      "dependencies": {
        "@types/node": "*"
      }
    },
    "node_modules/asynckit": {
      "version": "0.4.0",
      "license": "MIT"
    },
    "node_modules/binary-extensions": {
      "version": "3.0.0",
      "resolved": "https://registry.npmjs.org/binary-extensions/-/binary-extensions-3.0.0.tgz",
      "integrity": "sha512-X0RfwMgXPEesg6PCXzytQZt9Unh9gtc4SfeTNJvKifUL//Oegcc/Yf31z6hThNZ8dnD3Ir3wkHVN0eWrTvP5ww==",
      "license": "MIT",
      "engines": {
        "node": ">=18.20"
      },
      "funding": {
        "url": "https://github.com/sponsors/sindresorhus"
      }
    },
    "node_modules/buffer-crc32": {
      "version": "0.2.13",
      "resolved": "https://registry.npmjs.org/buffer-crc32/-/buffer-crc32-0.2.13.tgz",
      "integrity": "sha512-VO9Ht/+p3SN7SKWqcrgEzjGbRSJYTx+Q1pTQC0wrWqHx0vpJraQ6GtHx8tvcg1rlK1byhU5gccxgOgj7B0TDkQ==",
      "license": "MIT",
      "engines": {
        "node": "*"
      }
    },
    "node_modules/bun-types": {
      "version": "1.2.7",
      "license": "MIT",
      "dependencies": {
        "@types/node": "*",
        "@types/ws": "*"
      }
    },
    "node_modules/call-bind-apply-helpers": {
      "version": "1.0.2",
      "license": "MIT",
      "dependencies": {
        "es-errors": "^1.3.0",
        "function-bind": "^1.1.2"
      },
      "engines": {
        "node": ">= 0.4"
      }
    },
    "node_modules/combined-stream": {
      "version": "1.0.8",
      "license": "MIT",
      "dependencies": {
        "delayed-stream": "~1.0.0"
      },
      "engines": {
        "node": ">= 0.8"
      }
    },
    "node_modules/commander": {
      "version": "13.1.0",
      "license": "MIT",
      "engines": {
        "node": ">=18"
      }
    },
    "node_modules/delayed-stream": {
      "version": "1.0.0",
      "license": "MIT",
      "engines": {
        "node": ">=0.4.0"
      }
    },
    "node_modules/dettle": {
      "version": "1.0.5",
      "resolved": "https://registry.npmjs.org/dettle/-/dettle-1.0.5.tgz",
      "integrity": "sha512-ZVyjhAJ7sCe1PNXEGveObOH9AC8QvMga3HJIghHawtG7mE4K5pW9nz/vDGAr/U7a3LWgdOzEE7ac9MURnyfaTA==",
      "license": "MIT"
    },
    "node_modules/dunder-proto": {
      "version": "1.0.1",
      "license": "MIT",
      "dependencies": {
        "call-bind-apply-helpers": "^1.0.1",
        "es-errors": "^1.3.0",
        "gopd": "^1.2.0"
      },
      "engines": {
        "node": ">= 0.4"
      }
    },
    "node_modules/es-define-property": {
      "version": "1.0.1",
      "license": "MIT",
      "engines": {
        "node": ">= 0.4"
      }
    },
    "node_modules/es-errors": {
      "version": "1.3.0",
      "license": "MIT",
      "engines": {
        "node": ">= 0.4"
      }
    },
    "node_modules/es-object-atoms": {
      "version": "1.1.1",
      "license": "MIT",
      "dependencies": {
        "es-errors": "^1.3.0"
      },
      "engines": {
        "node": ">= 0.4"
      }
    },
    "node_modules/es-set-tostringtag": {
      "version": "2.1.0",
      "license": "MIT",
      "dependencies": {
        "es-errors": "^1.3.0",
        "get-intrinsic": "^1.2.6",
        "has-tostringtag": "^1.0.2",
        "hasown": "^2.0.2"
      },
      "engines": {
        "node": ">= 0.4"
      }
    },
    "node_modules/form-data": {
      "version": "4.0.2",
      "license": "MIT",
      "dependencies": {
        "asynckit": "^0.4.0",
        "combined-stream": "^1.0.8",
        "es-set-tostringtag": "^2.1.0",
        "mime-types": "^2.1.12"
      },
      "engines": {
        "node": ">= 6"
      }
    },
    "node_modules/function-bind": {
      "version": "1.1.2",
      "license": "MIT",
      "funding": {
        "url": "https://github.com/sponsors/ljharb"
      }
    },
    "node_modules/get-intrinsic": {
      "version": "1.3.0",
      "license": "MIT",
      "dependencies": {
        "call-bind-apply-helpers": "^1.0.2",
        "es-define-property": "^1.0.1",
        "es-errors": "^1.3.0",
        "es-object-atoms": "^1.1.1",
        "function-bind": "^1.1.2",
        "get-proto": "^1.0.1",
        "gopd": "^1.2.0",
        "has-symbols": "^1.1.0",
        "hasown": "^2.0.2",
        "math-intrinsics": "^1.1.0"
      },
      "engines": {
        "node": ">= 0.4"
      },
      "funding": {
        "url": "https://github.com/sponsors/ljharb"
      }
    },
    "node_modules/get-proto": {
      "version": "1.0.1",
      "license": "MIT",
      "dependencies": {
        "dunder-proto": "^1.0.1",
        "es-object-atoms": "^1.0.0"
      },
      "engines": {
        "node": ">= 0.4"
      }
    },
    "node_modules/gopd": {
      "version": "1.2.0",
      "license": "MIT",
      "engines": {
        "node": ">= 0.4"
      },
      "funding": {
        "url": "https://github.com/sponsors/ljharb"
      }
    },
    "node_modules/has-symbols": {
      "version": "1.1.0",
      "license": "MIT",
      "engines": {
        "node": ">= 0.4"
      },
      "funding": {
        "url": "https://github.com/sponsors/ljharb"
      }
    },
    "node_modules/has-tostringtag": {
      "version": "1.0.2",
      "license": "MIT",
      "dependencies": {
        "has-symbols": "^1.0.3"
      },
      "engines": {
        "node": ">= 0.4"
      },
      "funding": {
        "url": "https://github.com/sponsors/ljharb"
      }
    },
    "node_modules/hasown": {
      "version": "2.0.2",
      "license": "MIT",
      "dependencies": {
        "function-bind": "^1.1.2"
      },
      "engines": {
        "node": ">= 0.4"
      }
    },
    "node_modules/is-binary-path": {
      "version": "3.0.0",
      "resolved": "https://registry.npmjs.org/is-binary-path/-/is-binary-path-3.0.0.tgz",
      "integrity": "sha512-eSkpSYbqKip82Uw4z0iBK/5KmVzL2pf36kNKRtu6+mKvrow9sqF4w5hocQ9yV5v+9+wzHt620x3B7Wws/8lsGg==",
      "license": "MIT",
      "dependencies": {
        "binary-extensions": "^3.0.0"
      },
      "engines": {
        "node": ">=18.20"
      },
      "funding": {
        "url": "https://github.com/sponsors/sindresorhus"
      }
    },
    "node_modules/launch-editor": {
      "version": "2.10.0",
      "resolved": "https://registry.npmjs.org/launch-editor/-/launch-editor-2.10.0.tgz",
      "integrity": "sha512-D7dBRJo/qcGX9xlvt/6wUYzQxjh5G1RvZPgPv8vi4KRU99DVQL/oW7tnVOCCTm2HGeo3C5HvGE5Yrh6UBoZ0vA==",
      "license": "MIT",
      "dependencies": {
        "picocolors": "^1.0.0",
        "shell-quote": "^1.8.1"
      }
    },
    "node_modules/math-intrinsics": {
      "version": "1.1.0",
      "license": "MIT",
      "engines": {
        "node": ">= 0.4"
      }
    },
    "node_modules/mime-db": {
      "version": "1.52.0",
      "license": "MIT",
      "engines": {
        "node": ">= 0.6"
      }
    },
    "node_modules/mime-types": {
      "version": "2.1.35",
      "license": "MIT",
      "dependencies": {
        "mime-db": "1.52.0"
      },
      "engines": {
        "node": ">= 0.6"
      }
    },
    "node_modules/pend": {
      "version": "1.2.0",
      "resolved": "https://registry.npmjs.org/pend/-/pend-1.2.0.tgz",
      "integrity": "sha512-F3asv42UuXchdzt+xXqfW1OGlVBe+mxa2mqI0pg5yAHZPvFmY3Y6drSf/GQ1A86WgWEN9Kzh/WrgKa6iGcHXLg==",
      "license": "MIT"
    },
    "node_modules/picocolors": {
      "version": "1.1.1",
      "resolved": "https://registry.npmjs.org/picocolors/-/picocolors-1.1.1.tgz",
      "integrity": "sha512-xceH2snhtb5M9liqDsmEw56le376mTZkEX/jEb/RxNFyegNul7eNslCXP9FDj/Lcu0X8KEyMceP2ntpaHrDEVA==",
      "license": "ISC"
    },
    "node_modules/promise-make-counter": {
      "version": "1.0.2",
      "resolved": "https://registry.npmjs.org/promise-make-counter/-/promise-make-counter-1.0.2.tgz",
      "integrity": "sha512-FJAxTBWQuQoAs4ZOYuKX1FHXxEgKLEzBxUvwr4RoOglkTpOjWuM+RXsK3M9q5lMa8kjqctUrhwYeZFT4ygsnag==",
      "license": "MIT",
      "dependencies": {
        "promise-make-naked": "^3.0.2"
      }
    },
    "node_modules/promise-make-naked": {
      "version": "3.0.2",
      "resolved": "https://registry.npmjs.org/promise-make-naked/-/promise-make-naked-3.0.2.tgz",
      "integrity": "sha512-B+b+kQ1YrYS7zO7P7bQcoqqMUizP06BOyNSBEnB5VJKDSWo8fsVuDkfSmwdjF0JsRtaNh83so5MMFJ95soH5jg==",
      "license": "MIT"
    },
    "node_modules/shell-quote": {
      "version": "1.8.2",
      "resolved": "https://registry.npmjs.org/shell-quote/-/shell-quote-1.8.2.tgz",
      "integrity": "sha512-AzqKpGKjrj7EM6rKVQEPpB288oCfnrEIuyoT9cyF4nmGa7V8Zk6f7RRqYisX8X9m+Q7bd632aZW4ky7EhbQztA==",
      "license": "MIT",
      "engines": {
        "node": ">= 0.4"
      },
      "funding": {
        "url": "https://github.com/sponsors/ljharb"
      }
    },
    "node_modules/stubborn-fs": {
      "version": "1.2.5",
      "resolved": "https://registry.npmjs.org/stubborn-fs/-/stubborn-fs-1.2.5.tgz",
      "integrity": "sha512-H2N9c26eXjzL/S/K+i/RHHcFanE74dptvvjM8iwzwbVcWY/zjBbgRqF3K0DY4+OD+uTTASTBvDoxPDaPN02D7g=="
    },
    "node_modules/tiny-readdir": {
      "version": "2.7.4",
      "resolved": "https://registry.npmjs.org/tiny-readdir/-/tiny-readdir-2.7.4.tgz",
      "integrity": "sha512-721U+zsYwDirjr8IM6jqpesD/McpZooeFi3Zc6mcjy1pse2C+v19eHPFRqz4chGXZFw7C3KITDjAtHETc2wj7Q==",
      "license": "MIT",
      "dependencies": {
        "promise-make-counter": "^1.0.2"
      }
    },
    "node_modules/typescript": {
      "version": "5.8.3",
      "license": "Apache-2.0",
      "peer": true,
      "bin": {
        "tsc": "bin/tsc",
        "tsserver": "bin/tsserver"
      },
      "engines": {
        "node": ">=14.17"
      }
    },
    "node_modules/undici-types": {
      "version": "6.21.0",
      "license": "MIT"
    },
    "node_modules/watcher": {
      "version": "2.3.1",
      "resolved": "https://registry.npmjs.org/watcher/-/watcher-2.3.1.tgz",
      "integrity": "sha512-d3yl+ey35h05r5EFP0TafE2jsmQUJ9cc2aernRVyAkZiu0J3+3TbNugNcqdUJDoWOfL2p+bNsN427stsBC/HnA==",
      "dependencies": {
        "dettle": "^1.0.2",
        "stubborn-fs": "^1.2.5",
        "tiny-readdir": "^2.7.2"
      }
    },
    "node_modules/yauzl": {
      "version": "3.2.0",
      "resolved": "https://registry.npmjs.org/yauzl/-/yauzl-3.2.0.tgz",
      "integrity": "sha512-Ow9nuGZE+qp1u4JIPvg+uCiUr7xGQWdff7JQSk5VGYTAZMDe2q8lxJ10ygv10qmSj031Ty/6FNJpLO4o1Sgc+w==",
      "license": "MIT",
      "dependencies": {
        "buffer-crc32": "~0.2.3",
        "pend": "~1.2.0"
      },
      "engines": {
        "node": ">=12"
      }
    }
  }
}
